
Microsoft Visual Studio Solution File, Format Version 12.00
# Visual Studio Version 16
VisualStudioVersion = 16.0.30204.135
MinimumVisualStudioVersion = 10.0.40219.1
Project("{9A19103F-16F7-4668-BE54-9A1E7A4F7556}") = "Yamashiro", "Yamashiro\Yamashiro.csproj", "{98EFDE29-F240-44BC-8D4F-A0D1AE0B57B1}"
EndProject
Project("{FAE04EC0-301F-11D3-BF4B-00C04F79EFBC}") = "Yamashiro.Tests", "Yamashiro.Tests\Yamashiro.Tests.csproj", "{8BDF66FE-6AA3-48F3-A4F8-D7A0BBAD8E1E}"
EndProject
Global
	GlobalSection(SolutionConfigurationPlatforms) = preSolution
		Debug|Any CPU = Debug|Any CPU
		Release|Any CPU = Release|Any CPU
	EndGlobalSection
	GlobalSection(ProjectConfigurationPlatforms) = postSolution
		{98EFDE29-F240-44BC-8D4F-A0D1AE0B57B1}.Debug|Any CPU.ActiveCfg = Debug|Any CPU
		{98EFDE29-F240-44BC-8D4F-A0D1AE0B57B1}.Debug|Any CPU.Build.0 = Debug|Any CPU
		{98EFDE29-F240-44BC-8D4F-A0D1AE0B57B1}.Release|Any CPU.ActiveCfg = Release|Any CPU
		{98EFDE29-F240-44BC-8D4F-A0D1AE0B57B1}.Release|Any CPU.Build.0 = Release|Any CPU
		{8BDF66FE-6AA3-48F3-A4F8-D7A0BBAD8E1E}.Debug|Any CPU.ActiveCfg = Debug|Any CPU
		{8BDF66FE-6AA3-48F3-A4F8-D7A0BBAD8E1E}.Debug|Any CPU.Build.0 = Debug|Any CPU
		{8BDF66FE-6AA3-48F3-A4F8-D7A0BBAD8E1E}.Release|Any CPU.ActiveCfg = Release|Any CPU
		{8BDF66FE-6AA3-48F3-A4F8-D7A0BBAD8E1E}.Release|Any CPU.Build.0 = Release|Any CPU
	EndGlobalSection
	GlobalSection(SolutionProperties) = preSolution
		HideSolutionNode = FALSE
	EndGlobalSection
	GlobalSection(ExtensibilityGlobals) = postSolution
		SolutionGuid = {7073E88E-F7E7-4C9A-9020-81322E745ED8}
	EndGlobalSection
EndGlobal
